// !$*UTF8*$!
{
	archiveVersion = 1;
	classes = {
	};
	objectVersion = 56;
	objects = {

/* Begin PBXBuildFile section */
		DB175ECA29BC4057006F4564 /* weather_appApp.swift in Sources */ = {isa = PBXBuildFile; fileRef = DB175EC929BC4057006F4564 /* weather_appApp.swift */; };
		DB175ECC29BC4057006F4564 /* ContentView.swift in Sources */ = {isa = PBXBuildFile; fileRef = DB175ECB29BC4057006F4564 /* ContentView.swift */; };
		DB175ECE29BC4057006F4564 /* Assets.xcassets in Resources */ = {isa = PBXBuildFile; fileRef = DB175ECD29BC4057006F4564 /* Assets.xcassets */; };
		DB175ED129BC4057006F4564 /* Preview Assets.xcassets in Resources */ = {isa = PBXBuildFile; fileRef = DB175ED029BC4057006F4564 /* Preview Assets.xcassets */; };
		DB175ED829BC42F3006F4564 /* NetworkManager.swift in Sources */ = {isa = PBXBuildFile; fileRef = DB175ED729BC42F3006F4564 /* NetworkManager.swift */; };
		DB175EDB29BD9523006F4564 /* WeatherForecastModel.swift in Sources */ = {isa = PBXBuildFile; fileRef = DB175EDA29BD9523006F4564 /* WeatherForecastModel.swift */; };
		DB175EE129BD9589006F4564 /* HomeScreenViewModel.swift in Sources */ = {isa = PBXBuildFile; fileRef = DB175EE029BD9589006F4564 /* HomeScreenViewModel.swift */; };
		DB175EE329BDA68F006F4564 /* WeatherRowView.swift in Sources */ = {isa = PBXBuildFile; fileRef = DB175EE229BDA68F006F4564 /* WeatherRowView.swift */; };
		DB175EE529BDA97D006F4564 /* WeatherView.swift in Sources */ = {isa = PBXBuildFile; fileRef = DB175EE429BDA97D006F4564 /* WeatherView.swift */; };
/* End PBXBuildFile section */

/* Begin PBXFileReference section */
		DB175EC629BC4057006F4564 /* weather_app.app */ = {isa = PBXFileReference; explicitFileType = wrapper.application; includeInIndex = 0; path = weather_app.app; sourceTree = BUILT_PRODUCTS_DIR; };
		DB175EC929BC4057006F4564 /* weather_appApp.swift */ = {isa = PBXFileReference; lastKnownFileType = sourcecode.swift; path = weather_appApp.swift; sourceTree = "<group>"; };
		DB175ECB29BC4057006F4564 /* ContentView.swift */ = {isa = PBXFileReference; lastKnownFileType = sourcecode.swift; path = ContentView.swift; sourceTree = "<group>"; };
		DB175ECD29BC4057006F4564 /* Assets.xcassets */ = {isa = PBXFileReference; lastKnownFileType = folder.assetcatalog; path = Assets.xcassets; sourceTree = "<group>"; };
		DB175ED029BC4057006F4564 /* Preview Assets.xcassets */ = {isa = PBXFileReference; lastKnownFileType = folder.assetcatalog; path = "Preview Assets.xcassets"; sourceTree = "<group>"; };
		DB175ED729BC42F3006F4564 /* NetworkManager.swift */ = {isa = PBXFileReference; lastKnownFileType = sourcecode.swift; path = NetworkManager.swift; sourceTree = "<group>"; };
		DB175EDA29BD9523006F4564 /* WeatherForecastModel.swift */ = {isa = PBXFileReference; lastKnownFileType = sourcecode.swift; path = WeatherForecastModel.swift; sourceTree = "<group>"; };
		DB175EE029BD9589006F4564 /* HomeScreenViewModel.swift */ = {isa = PBXFileReference; lastKnownFileType = sourcecode.swift; path = HomeScreenViewModel.swift; sourceTree = "<group>"; };
		DB175EE229BDA68F006F4564 /* WeatherRowView.swift */ = {isa = PBXFileReference; lastKnownFileType = sourcecode.swift; path = WeatherRowView.swift; sourceTree = "<group>"; };
		DB175EE429BDA97D006F4564 /* WeatherView.swift */ = {isa = PBXFileReference; lastKnownFileType = sourcecode.swift; path = WeatherView.swift; sourceTree = "<group>"; };
/* End PBXFileReference section */

/* Begin PBXFrameworksBuildPhase section */
		DB175EC329BC4057006F4564 /* Frameworks */ = {
			isa = PBXFrameworksBuildPhase;
			buildActionMask = 2147483647;
			files = (
			);
			runOnlyForDeploymentPostprocessing = 0;
		};
/* End PBXFrameworksBuildPhase section */

/* Begin PBXGroup section */
		DB175EBD29BC4057006F4564 = {
			isa = PBXGroup;
			children = (
				DB175EC829BC4057006F4564 /* weather_app */,
				DB175EC729BC4057006F4564 /* Products */,
			);
			sourceTree = "<group>";
		};
		DB175EC729BC4057006F4564 /* Products */ = {
			isa = PBXGroup;
			children = (
				DB175EC629BC4057006F4564 /* weather_app.app */,
			);
			name = Products;
			sourceTree = "<group>";
		};
		DB175EC829BC4057006F4564 /* weather_app */ = {
			isa = PBXGroup;
			children = (
				DB175EC929BC4057006F4564 /* weather_appApp.swift */,
				DB175ECB29BC4057006F4564 /* ContentView.swift */,
				DB175EDD29BD9563006F4564 /* Core */,
				DB175EDC29BD9552006F4564 /* Services */,
				DB175ED929BD950D006F4564 /* Models */,
				DB175ECD29BC4057006F4564 /* Assets.xcassets */,
				DB175ECF29BC4057006F4564 /* Preview Content */,
			);
			path = weather_app;
			sourceTree = "<group>";
		};
		DB175ECF29BC4057006F4564 /* Preview Content */ = {
			isa = PBXGroup;
			children = (
				DB175ED029BC4057006F4564 /* Preview Assets.xcassets */,
			);
			path = "Preview Content";
			sourceTree = "<group>";
		};
		DB175ED929BD950D006F4564 /* Models */ = {
			isa = PBXGroup;
			children = (
				DB175EDA29BD9523006F4564 /* WeatherForecastModel.swift */,
			);
			path = Models;
			sourceTree = "<group>";
		};
		DB175EDC29BD9552006F4564 /* Services */ = {
			isa = PBXGroup;
			children = (
				DB175ED729BC42F3006F4564 /* NetworkManager.swift */,
			);
			path = Services;
			sourceTree = "<group>";
		};
		DB175EDD29BD9563006F4564 /* Core */ = {
			isa = PBXGroup;
			children = (
				DB175EDF29BD956B006F4564 /* ViewModel */,
				DB175EDE29BD9567006F4564 /* View */,
			);
			path = Core;
			sourceTree = "<group>";
		};
		DB175EDE29BD9567006F4564 /* View */ = {
			isa = PBXGroup;
			children = (
				DB175EE429BDA97D006F4564 /* WeatherView.swift */,
				DB175EE229BDA68F006F4564 /* WeatherRowView.swift */,
			);
			path = View;
			sourceTree = "<group>";
		};
		DB175EDF29BD956B006F4564 /* ViewModel */ = {
			isa = PBXGroup;
			children = (
				DB175EE029BD9589006F4564 /* HomeScreenViewModel.swift */,
			);
			path = ViewModel;
			sourceTree = "<group>";
		};
/* End PBXGroup section */

/* Begin PBXNativeTarget section */
		DB175EC529BC4057006F4564 /* weather_app */ = {
			isa = PBXNativeTarget;
			buildConfigurationList = DB175ED429BC4057006F4564 /* Build configuration list for PBXNativeTarget "weather_app" */;
			buildPhases = (
				DB175EC229BC4057006F4564 /* Sources */,
				DB175EC329BC4057006F4564 /* Frameworks */,
				DB175EC429BC4057006F4564 /* Resources */,
			);
			buildRules = (
			);
			dependencies = (
			);
			name = weather_app;
			productName = weather_app;
			productReference = DB175EC629BC4057006F4564 /* weather_app.app */;
			productType = "com.apple.product-type.application";
		};
/* End PBXNativeTarget section */

/* Begin PBXProject section */
		DB175EBE29BC4057006F4564 /* Project object */ = {
			isa = PBXProject;
			attributes = {
				BuildIndependentTargetsInParallel = 1;
				LastSwiftUpdateCheck = 1400;
				LastUpgradeCheck = 1400;
				TargetAttributes = {
					DB175EC529BC4057006F4564 = {
						CreatedOnToolsVersion = 14.0.1;
					};
				};
			};
			buildConfigurationList = DB175EC129BC4057006F4564 /* Build configuration list for PBXProject "weather_app" */;
			compatibilityVersion = "Xcode 14.0";
			developmentRegion = en;
			hasScannedForEncodings = 0;
			knownRegions = (
				en,
				Base,
			);
			mainGroup = DB175EBD29BC4057006F4564;
			productRefGroup = DB175EC729BC4057006F4564 /* Products */;
			projectDirPath = "";
			projectRoot = "";
			targets = (
				DB175EC529BC4057006F4564 /* weather_app */,
			);
		};
/* End PBXProject section */

/* Begin PBXResourcesBuildPhase section */
		DB175EC429BC4057006F4564 /* Resources */ = {
			isa = PBXResourcesBuildPhase;
			buildActionMask = 2147483647;
			files = (
				DB175ED129BC4057006F4564 /* Preview Assets.xcassets in Resources */,
				DB175ECE29BC4057006F4564 /* Assets.xcassets in Resources */,
			);
			runOnlyForDeploymentPostprocessing = 0;
		};
/* End PBXResourcesBuildPhase section */

/* Begin PBXSourcesBuildPhase section */
		DB175EC229BC4057006F4564 /* Sources */ = {
			isa = PBXSourcesBuildPhase;
			buildActionMask = 2147483647;
			files = (
				DB175EE329BDA68F006F4564 /* WeatherRowView.swift in Sources */,
				DB175ED829BC42F3006F4564 /* NetworkManager.swift in Sources */,
				DB175EDB29BD9523006F4564 /* WeatherForecastModel.swift in Sources */,
				DB175ECC29BC4057006F4564 /* ContentView.swift in Sources */,
				DB175ECA29BC4057006F4564 /* weather_appApp.swift in Sources */,
				DB175EE529BDA97D006F4564 /* WeatherView.swift in Sources */,
				DB175EE129BD9589006F4564 /* HomeScreenViewModel.swift in Sources */,
			);
			runOnlyForDeploymentPostprocessing = 0;
		};
/* End PBXSourcesBuildPhase section */

/* Begin XCBuildConfiguration section */
		DB175ED229BC4057006F4564 /* Debug */ = {
			isa = XCBuildConfiguration;
			buildSettings = {
				ALWAYS_SEARCH_USER_PATHS = NO;
				CLANG_ANALYZER_NONNULL = YES;
				CLANG_ANALYZER_NUMBER_OBJECT_CONVERSION = YES_AGGRESSIVE;
				CLANG_CXX_LANGUAGE_STANDARD = "gnu++20";
				CLANG_ENABLE_MODULES = YES;
				CLANG_ENABLE_OBJC_ARC = YES;
				CLANG_ENABLE_OBJC_WEAK = YES;
				CLANG_WARN_BLOCK_CAPTURE_AUTORELEASING = YES;
				CLANG_WARN_BOOL_CONVERSION = YES;
				CLANG_WARN_COMMA = YES;
				CLANG_WARN_CONSTANT_CONVERSION = YES;
				CLANG_WARN_DEPRECATED_OBJC_IMPLEMENTATIONS = YES;
				CLANG_WARN_DIRECT_OBJC_ISA_USAGE = YES_ERROR;
				CLANG_WARN_DOCUMENTATION_COMMENTS = YES;
				CLANG_WARN_EMPTY_BODY = YES;
				CLANG_WARN_ENUM_CONVERSION = YES;
				CLANG_WARN_INFINITE_RECURSION = YES;
				CLANG_WARN_INT_CONVERSION = YES;
				CLANG_WARN_NON_LITERAL_NULL_CONVERSION = YES;
				CLANG_WARN_OBJC_IMPLICIT_RETAIN_SELF = YES;
				CLANG_WARN_OBJC_LITERAL_CONVERSION = YES;
				CLANG_WARN_OBJC_ROOT_CLASS = YES_ERROR;
				CLANG_WARN_QUOTED_INCLUDE_IN_FRAMEWORK_HEADER = YES;
				CLANG_WARN_RANGE_LOOP_ANALYSIS = YES;
				CLANG_WARN_STRICT_PROTOTYPES = YES;
				CLANG_WARN_SUSPICIOUS_MOVE = YES;
				CLANG_WARN_UNGUARDED_AVAILABILITY = YES_AGGRESSIVE;
				CLANG_WARN_UNREACHABLE_CODE = YES;
				CLANG_WARN__DUPLICATE_METHOD_MATCH = YES;
				COPY_PHASE_STRIP = NO;
				DEBUG_INFORMATION_FORMAT = dwarf;
				ENABLE_STRICT_OBJC_MSGSEND = YES;
				ENABLE_TESTABILITY = YES;
				GCC_C_LANGUAGE_STANDARD = gnu11;
				GCC_DYNAMIC_NO_PIC = NO;
				GCC_NO_COMMON_BLOCKS = YES;
				GCC_OPTIMIZATION_LEVEL = 0;
				GCC_PREPROCESSOR_DEFINITIONS = (
					"DEBUG=1",
					"$(inherited)",
				);
				GCC_WARN_64_TO_32_BIT_CONVERSION = YES;
				GCC_WARN_ABOUT_RETURN_TYPE = YES_ERROR;
				GCC_WARN_UNDECLARED_SELECTOR = YES;
				GCC_WARN_UNINITIALIZED_AUTOS = YES_AGGRESSIVE;
				GCC_WARN_UNUSED_FUNCTION = YES;
				GCC_WARN_UNUSED_VARIABLE = YES;
				IPHONEOS_DEPLOYMENT_TARGET = 16.0;
				MTL_ENABLE_DEBUG_INFO = INCLUDE_SOURCE;
				MTL_FAST_MATH = YES;
				ONLY_ACTIVE_ARCH = YES;
				SDKROOT = iphoneos;
				SWIFT_ACTIVE_COMPILATION_CONDITIONS = DEBUG;
				SWIFT_OPTIMIZATION_LEVEL = "-Onone";
			};
			name = Debug;
		};
		DB175ED329BC4057006F4564 /* Release */ = {
			isa = XCBuildConfiguration;
			buildSettings = {
				ALWAYS_SEARCH_USER_PATHS = NO;
				CLANG_ANALYZER_NONNULL = YES;
				CLANG_ANALYZER_NUMBER_OBJECT_CONVERSION = YES_AGGRESSIVE;
				CLANG_CXX_LANGUAGE_STANDARD = "gnu++20";
				CLANG_ENABLE_MODULES = YES;
				CLANG_ENABLE_OBJC_ARC = YES;
				CLANG_ENABLE_OBJC_WEAK = YES;
				CLANG_WARN_BLOCK_CAPTURE_AUTORELEASING = YES;
				CLANG_WARN_BOOL_CONVERSION = YES;
				CLANG_WARN_COMMA = YES;
				CLANG_WARN_CONSTANT_CONVERSION = YES;
				CLANG_WARN_DEPRECATED_OBJC_IMPLEMENTATIONS = YES;
				CLANG_WARN_DIRECT_OBJC_ISA_USAGE = YES_ERROR;
				CLANG_WARN_DOCUMENTATION_COMMENTS = YES;
				CLANG_WARN_EMPTY_BODY = YES;
				CLANG_WARN_ENUM_CONVERSION = YES;
				CLANG_WARN_INFINITE_RECURSION = YES;
				CLANG_WARN_INT_CONVERSION = YES;
				CLANG_WARN_NON_LITERAL_NULL_CONVERSION = YES;
				CLANG_WARN_OBJC_IMPLICIT_RETAIN_SELF = YES;
				CLANG_WARN_OBJC_LITERAL_CONVERSION = YES;
				CLANG_WARN_OBJC_ROOT_CLASS = YES_ERROR;
				CLANG_WARN_QUOTED_INCLUDE_IN_FRAMEWORK_HEADER = YES;
				CLANG_WARN_RANGE_LOOP_ANALYSIS = YES;
				CLANG_WARN_STRICT_PROTOTYPES = YES;
				CLANG_WARN_SUSPICIOUS_MOVE = YES;
				CLANG_WARN_UNGUARDED_AVAILABILITY = YES_AGGRESSIVE;
				CLANG_WARN_UNREACHABLE_CODE = YES;
				CLANG_WARN__DUPLICATE_METHOD_MATCH = YES;
				COPY_PHASE_STRIP = NO;
				DEBUG_INFORMATION_FORMAT = "dwarf-with-dsym";
				ENABLE_NS_ASSERTIONS = NO;
				ENABLE_STRICT_OBJC_MSGSEND = YES;
				GCC_C_LANGUAGE_STANDARD = gnu11;
				GCC_NO_COMMON_BLOCKS = YES;
				GCC_WARN_64_TO_32_BIT_CONVERSION = YES;
				GCC_WARN_ABOUT_RETURN_TYPE = YES_ERROR;
				GCC_WARN_UNDECLARED_SELECTOR = YES;
				GCC_WARN_UNINITIALIZED_AUTOS = YES_AGGRESSIVE;
				GCC_WARN_UNUSED_FUNCTION = YES;
				GCC_WARN_UNUSED_VARIABLE = YES;
				IPHONEOS_DEPLOYMENT_TARGET = 16.0;
				MTL_ENABLE_DEBUG_INFO = NO;
				MTL_FAST_MATH = YES;
				SDKROOT = iphoneos;
				SWIFT_COMPILATION_MODE = wholemodule;
				SWIFT_OPTIMIZATION_LEVEL = "-O";
				VALIDATE_PRODUCT = YES;
			};
			name = Release;
		};
		DB175ED529BC4057006F4564 /* Debug */ = {
			isa = XCBuildConfiguration;
			buildSettings = {
				ASSETCATALOG_COMPILER_APPICON_NAME = AppIcon;
				ASSETCATALOG_COMPILER_GLOBAL_ACCENT_COLOR_NAME = AccentColor;
				CODE_SIGN_STYLE = Automatic;
				CURRENT_PROJECT_VERSION = 1;
				DEVELOPMENT_ASSET_PATHS = "\"weather_app/Preview Content\"";
				DEVELOPMENT_TEAM = U53X87ADPB;
				ENABLE_PREVIEWS = YES;
				GENERATE_INFOPLIST_FILE = YES;
				INFOPLIST_KEY_UIApplicationSceneManifest_Generation = YES;
				INFOPLIST_KEY_UIApplicationSupportsIndirectInputEvents = YES;
				INFOPLIST_KEY_UILaunchScreen_Generation = YES;
				INFOPLIST_KEY_UISupportedInterfaceOrientations_iPad = "UIInterfaceOrientationPortrait UIInterfaceOrientationPortraitUpsideDown UIInterfaceOrientationLandscapeLeft UIInterfaceOrientationLandscapeRight";
				INFOPLIST_KEY_UISupportedInterfaceOrientations_iPhone = "UIInterfaceOrientationPortrait UIInterfaceOrientationLandscapeLeft UIInterfaceOrientationLandscapeRight";
				LD_RUNPATH_SEARCH_PATHS = (
					"$(inherited)",
					"@executable_path/Frameworks",
				);
				MARKETING_VERSION = 1.0;
				PRODUCT_BUNDLE_IDENTIFIER = "com.mokhammad.weather-app";
				PRODUCT_NAME = "$(TARGET_NAME)";
				SWIFT_EMIT_LOC_STRINGS = YES;
				SWIFT_VERSION = 5.0;
				TARGETED_DEVICE_FAMILY = "1,2";
			};
			name = Debug;
		};
		DB175ED629BC4057006F4564 /* Release */ = {
			isa = XCBuildConfiguration;
			buildSettings = {
				ASSETCATALOG_COMPILER_APPICON_NAME = AppIcon;
				ASSETCATALOG_COMPILER_GLOBAL_ACCENT_COLOR_NAME = AccentColor;
				CODE_SIGN_STYLE = Automatic;
				CURRENT_PROJECT_VERSION = 1;
				DEVELOPMENT_ASSET_PATHS = "\"weather_app/Preview Content\"";
				DEVELOPMENT_TEAM = U53X87ADPB;
				ENABLE_PREVIEWS = YES;
				GENERATE_INFOPLIST_FILE = YES;
				INFOPLIST_KEY_UIApplicationSceneManifest_Generation = YES;
				INFOPLIST_KEY_UIApplicationSupportsIndirectInputEvents = YES;
				INFOPLIST_KEY_UILaunchScreen_Generation = YES;
				INFOPLIST_KEY_UISupportedInterfaceOrientations_iPad = "UIInterfaceOrientationPortrait UIInterfaceOrientationPortraitUpsideDown UIInterfaceOrientationLandscapeLeft UIInterfaceOrientationLandscapeRight";
				INFOPLIST_KEY_UISupportedInterfaceOrientations_iPhone = "UIInterfaceOrientationPortrait UIInterfaceOrientationLandscapeLeft UIInterfaceOrientationLandscapeRight";
				LD_RUNPATH_SEARCH_PATHS = (
					"$(inherited)",
					"@executable_path/Frameworks",
				);
				MARKETING_VERSION = 1.0;
				PRODUCT_BUNDLE_IDENTIFIER = "com.mokhammad.weather-app";
				PRODUCT_NAME = "$(TARGET_NAME)";
				SWIFT_EMIT_LOC_STRINGS = YES;
				SWIFT_VERSION = 5.0;
				TARGETED_DEVICE_FAMILY = "1,2";
			};
			name = Release;
		};
/* End XCBuildConfiguration section */

/* Begin XCConfigurationList section */
		DB175EC129BC4057006F4564 /* Build configuration list for PBXProject "weather_app" */ = {
			isa = XCConfigurationList;
			buildConfigurations = (
				DB175ED229BC4057006F4564 /* Debug */,
				DB175ED329BC4057006F4564 /* Release */,
			);
			defaultConfigurationIsVisible = 0;
			defaultConfigurationName = Release;
		};
		DB175ED429BC4057006F4564 /* Build configuration list for PBXNativeTarget "weather_app" */ = {
			isa = XCConfigurationList;
			buildConfigurations = (
				DB175ED529BC4057006F4564 /* Debug */,
				DB175ED629BC4057006F4564 /* Release */,
			);
			defaultConfigurationIsVisible = 0;
			defaultConfigurationName = Release;
		};
/* End XCConfigurationList section */
	};
	rootObject = DB175EBE29BC4057006F4564 /* Project object */;
}
